// !$*UTF8*$!
{
	archiveVersion = 1;
	classes = {
	};
	objectVersion = 46;
	objects = {

/* Begin PBXBuildFile section */
		E4D9B4D01A6824C10068012F /* main.cpp in Sources */ = {isa = PBXBuildFile; fileRef = E4D9B4CF1A6824C10068012F /* main.cpp */; };
/* End PBXBuildFile section */

/* Begin PBXCopyFilesBuildPhase section */
		E4D9B49C1A65FD520068012F /* CopyFiles */ = {
			isa = PBXCopyFilesBuildPhase;
			buildActionMask = 2147483647;
			dstPath = /usr/share/man/man1/;
			dstSubfolderSpec = 0;
			files = (
			);
			runOnlyForDeploymentPostprocessing = 1;
		};
/* End PBXCopyFilesBuildPhase section */

/* Begin PBXFileReference section */
		E4C80ED31A6AE19200119AB3 /* codeblocks.py */ = {isa = PBXFileReference; lastKnownFileType = text.script.python; name = codeblocks.py; path = ../source/codeblocks.py; sourceTree = "<group>"; };
		E4C80ED51A6AE19200119AB3 /* codelite.py */ = {isa = PBXFileReference; lastKnownFileType = text.script.python; name = codelite.py; path = ../source/codelite.py; sourceTree = "<group>"; };
		E4C80ED71A6AE19200119AB3 /* debug.py */ = {isa = PBXFileReference; lastKnownFileType = text.script.python; name = debug.py; path = ../source/debug.py; sourceTree = "<group>"; };
		E4C80ED81A6AE19200119AB3 /* generate.py */ = {isa = PBXFileReference; lastKnownFileType = text.script.python; name = generate.py; path = ../source/generate.py; sourceTree = "<group>"; };
		E4C80ED91A6AE19200119AB3 /* makefile.py */ = {isa = PBXFileReference; lastKnownFileType = text.script.python; name = makefile.py; path = ../source/makefile.py; sourceTree = "<group>"; };
		E4C80EDB1A6AE19200119AB3 /* project_object.py */ = {isa = PBXFileReference; lastKnownFileType = text.script.python; name = project_object.py; path = ../source/project_object.py; sourceTree = "<group>"; };
		E4C80EDD1A6AE19200119AB3 /* project_parser.py */ = {isa = PBXFileReference; lastKnownFileType = text.script.python; name = project_parser.py; path = ../source/project_parser.py; sourceTree = "<group>"; };
		E4C80EDF1A6AE19200119AB3 /* project_path.py */ = {isa = PBXFileReference; lastKnownFileType = text.script.python; name = project_path.py; path = ../source/project_path.py; sourceTree = "<group>"; };
		E4C80EE11A6AE19200119AB3 /* project_writer.py */ = {isa = PBXFileReference; lastKnownFileType = text.script.python; name = project_writer.py; path = ../source/project_writer.py; sourceTree = "<group>"; };
		E4C80EE31A6AE19200119AB3 /* project.py */ = {isa = PBXFileReference; lastKnownFileType = text.script.python; name = project.py; path = ../source/project.py; sourceTree = "<group>"; };
		E4C80EE51A6AE19200119AB3 /* visualc.py */ = {isa = PBXFileReference; lastKnownFileType = text.script.python; name = visualc.py; path = ../source/visualc.py; sourceTree = "<group>"; };
		E4C80EE71A6AE19200119AB3 /* xcode.py */ = {isa = PBXFileReference; lastKnownFileType = text.script.python; name = xcode.py; path = ../source/xcode.py; sourceTree = "<group>"; };
		E4D9B49E1A65FD520068012F /* parser */ = {isa = PBXFileReference; explicitFileType = "compiled.mach-o.executable"; includeInIndex = 0; path = parser; sourceTree = BUILT_PRODUCTS_DIR; };
		E4D9B4CF1A6824C10068012F /* main.cpp */ = {isa = PBXFileReference; fileEncoding = 4; lastKnownFileType = sourcecode.cpp.cpp; path = main.cpp; sourceTree = "<group>"; };
/* End PBXFileReference section */

/* Begin PBXFrameworksBuildPhase section */
		E4D9B49B1A65FD520068012F /* Frameworks */ = {
			isa = PBXFrameworksBuildPhase;
			buildActionMask = 2147483647;
			files = (
			);
			runOnlyForDeploymentPostprocessing = 0;
		};
/* End PBXFrameworksBuildPhase section */

/* Begin PBXGroup section */
		E4C80EEB1A6AFD3300119AB3 /* scripts */ = {
			isa = PBXGroup;
			children = (
				E4C80ED31A6AE19200119AB3 /* codeblocks.py */,
				E4C80ED51A6AE19200119AB3 /* codelite.py */,
				E4C80ED71A6AE19200119AB3 /* debug.py */,
				E4C80ED81A6AE19200119AB3 /* generate.py */,
				E4C80ED91A6AE19200119AB3 /* makefile.py */,
				E4C80EDB1A6AE19200119AB3 /* project_object.py */,
				E4C80EDD1A6AE19200119AB3 /* project_parser.py */,
				E4C80EDF1A6AE19200119AB3 /* project_path.py */,
				E4C80EE11A6AE19200119AB3 /* project_writer.py */,
				E4C80EE31A6AE19200119AB3 /* project.py */,
				E4C80EE51A6AE19200119AB3 /* visualc.py */,
				E4C80EE71A6AE19200119AB3 /* xcode.py */,
			);
			name = scripts;
			sourceTree = "<group>";
		};
		E4D9B4951A65FD520068012F = {
			isa = PBXGroup;
			children = (
				E4C80EEB1A6AFD3300119AB3 /* scripts */,
				E4D9B4CE1A6824C10068012F /* src */,
				E4D9B49F1A65FD520068012F /* Products */,
			);
			sourceTree = "<group>";
		};
		E4D9B49F1A65FD520068012F /* Products */ = {
			isa = PBXGroup;
			children = (
				E4D9B49E1A65FD520068012F /* parser */,
			);
			name = Products;
			sourceTree = "<group>";
		};
		E4D9B4CE1A6824C10068012F /* src */ = {
			isa = PBXGroup;
			children = (
				E4D9B4CF1A6824C10068012F /* main.cpp */,
			);
			path = src;
			sourceTree = "<group>";
		};
/* End PBXGroup section */

/* Begin PBXNativeTarget section */
		E4D9B49D1A65FD520068012F /* parser */ = {
			isa = PBXNativeTarget;
			buildConfigurationList = E4D9B4A51A65FD520068012F /* Build configuration list for PBXNativeTarget "parser" */;
			buildPhases = (
				E4D9B49A1A65FD520068012F /* Sources */,
				E4D9B49B1A65FD520068012F /* Frameworks */,
				E4D9B49C1A65FD520068012F /* CopyFiles */,
			);
			buildRules = (
			);
			dependencies = (
			);
			name = parser;
			productName = test02;
			productReference = E4D9B49E1A65FD520068012F /* parser */;
			productType = "com.apple.product-type.tool";
		};
/* End PBXNativeTarget section */

/* Begin PBXProject section */
		E4D9B4961A65FD520068012F /* Project object */ = {
			isa = PBXProject;
			attributes = {
				LastUpgradeCheck = 0610;
				ORGANIZATIONNAME = "Rhody Lugo";
				TargetAttributes = {
					E4D9B49D1A65FD520068012F = {
						CreatedOnToolsVersion = 6.1.1;
					};
				};
			};
			buildConfigurationList = E4D9B4991A65FD520068012F /* Build configuration list for PBXProject "parser" */;
			compatibilityVersion = "Xcode 3.2";
			developmentRegion = English;
			hasScannedForEncodings = 0;
			knownRegions = (
				en,
			);
			mainGroup = E4D9B4951A65FD520068012F;
			productRefGroup = E4D9B49F1A65FD520068012F /* Products */;
			projectDirPath = "";
			projectRoot = "";
			targets = (
				E4D9B49D1A65FD520068012F /* parser */,
			);
		};
/* End PBXProject section */

/* Begin PBXSourcesBuildPhase section */
		E4D9B49A1A65FD520068012F /* Sources */ = {
			isa = PBXSourcesBuildPhase;
			buildActionMask = 2147483647;
			files = (
				E4D9B4D01A6824C10068012F /* main.cpp in Sources */,
			);
			runOnlyForDeploymentPostprocessing = 0;
		};
/* End PBXSourcesBuildPhase section */

/* Begin XCBuildConfiguration section */
		E4D9B4A31A65FD520068012F /* Debug */ = {
			isa = XCBuildConfiguration;
			buildSettings = {
				ALWAYS_SEARCH_USER_PATHS = NO;
				CLANG_CXX_LANGUAGE_STANDARD = "gnu++0x";
				CLANG_CXX_LIBRARY = "libc++";
				CLANG_ENABLE_MODULES = YES;
				CLANG_ENABLE_OBJC_ARC = YES;
				CLANG_WARN_BOOL_CONVERSION = YES;
				CLANG_WARN_CONSTANT_CONVERSION = YES;
				CLANG_WARN_DIRECT_OBJC_ISA_USAGE = YES_ERROR;
				CLANG_WARN_EMPTY_BODY = YES;
				CLANG_WARN_ENUM_CONVERSION = YES;
				CLANG_WARN_INT_CONVERSION = YES;
				CLANG_WARN_OBJC_ROOT_CLASS = YES_ERROR;
				CLANG_WARN_UNREACHABLE_CODE = YES;
				CLANG_WARN__DUPLICATE_METHOD_MATCH = YES;
				COPY_PHASE_STRIP = NO;
				ENABLE_STRICT_OBJC_MSGSEND = YES;
				GCC_C_LANGUAGE_STANDARD = gnu99;
				GCC_DYNAMIC_NO_PIC = NO;
				GCC_OPTIMIZATION_LEVEL = 0;
				GCC_PREPROCESSOR_DEFINITIONS = (
					"DEBUG=1",
					"$(inherited)",
				);
				GCC_SYMBOLS_PRIVATE_EXTERN = NO;
				GCC_WARN_64_TO_32_BIT_CONVERSION = YES;
				GCC_WARN_ABOUT_RETURN_TYPE = YES_ERROR;
				GCC_WARN_UNDECLARED_SELECTOR = YES;
				GCC_WARN_UNINITIALIZED_AUTOS = YES_AGGRESSIVE;
				GCC_WARN_UNUSED_FUNCTION = YES;
				GCC_WARN_UNUSED_VARIABLE = YES;
				MACOSX_DEPLOYMENT_TARGET = 10.10;
				MTL_ENABLE_DEBUG_INFO = YES;
				ONLY_ACTIVE_ARCH = YES;
				SDKROOT = macosx;
			};
			name = Debug;
		};
		E4D9B4A41A65FD520068012F /* Release */ = {
			isa = XCBuildConfiguration;
			buildSettings = {
				ALWAYS_SEARCH_USER_PATHS = NO;
				CLANG_CXX_LANGUAGE_STANDARD = "gnu++0x";
				CLANG_CXX_LIBRARY = "libc++";
				CLANG_ENABLE_MODULES = YES;
				CLANG_ENABLE_OBJC_ARC = YES;
				CLANG_WARN_BOOL_CONVERSION = YES;
				CLANG_WARN_CONSTANT_CONVERSION = YES;
				CLANG_WARN_DIRECT_OBJC_ISA_USAGE = YES_ERROR;
				CLANG_WARN_EMPTY_BODY = YES;
				CLANG_WARN_ENUM_CONVERSION = YES;
				CLANG_WARN_INT_CONVERSION = YES;
				CLANG_WARN_OBJC_ROOT_CLASS = YES_ERROR;
				CLANG_WARN_UNREACHABLE_CODE = YES;
				CLANG_WARN__DUPLICATE_METHOD_MATCH = YES;
				COPY_PHASE_STRIP = YES;
				DEBUG_INFORMATION_FORMAT = "dwarf-with-dsym";
				ENABLE_NS_ASSERTIONS = NO;
				ENABLE_STRICT_OBJC_MSGSEND = YES;
				GCC_C_LANGUAGE_STANDARD = gnu99;
				GCC_WARN_64_TO_32_BIT_CONVERSION = YES;
				GCC_WARN_ABOUT_RETURN_TYPE = YES_ERROR;
				GCC_WARN_UNDECLARED_SELECTOR = YES;
				GCC_WARN_UNINITIALIZED_AUTOS = YES_AGGRESSIVE;
				GCC_WARN_UNUSED_FUNCTION = YES;
				GCC_WARN_UNUSED_VARIABLE = YES;
				MACOSX_DEPLOYMENT_TARGET = 10.10;
				MTL_ENABLE_DEBUG_INFO = NO;
				SDKROOT = macosx;
			};
			name = Release;
		};
		E4D9B4A61A65FD520068012F /* Debug */ = {
			isa = XCBuildConfiguration;
			buildSettings = {
				PRODUCT_NAME = parser;
			};
			name = Debug;
		};
		E4D9B4A71A65FD520068012F /* Release */ = {
			isa = XCBuildConfiguration;
			buildSettings = {
				PRODUCT_NAME = parser;
			};
			name = Release;
		};
/* End XCBuildConfiguration section */

/* Begin XCConfigurationList section */
		E4D9B4991A65FD520068012F /* Build configuration list for PBXProject "parser" */ = {
			isa = XCConfigurationList;
			buildConfigurations = (
				E4D9B4A31A65FD520068012F /* Debug */,
				E4D9B4A41A65FD520068012F /* Release */,
			);
			defaultConfigurationIsVisible = 0;
			defaultConfigurationName = Release;
		};
		E4D9B4A51A65FD520068012F /* Build configuration list for PBXNativeTarget "parser" */ = {
			isa = XCConfigurationList;
			buildConfigurations = (
				E4D9B4A61A65FD520068012F /* Debug */,
				E4D9B4A71A65FD520068012F /* Release */,
			);
			defaultConfigurationIsVisible = 0;
			defaultConfigurationName = Release;
		};
/* End XCConfigurationList section */
	};
	rootObject = E4D9B4961A65FD520068012F /* Project object */;
}
